
Microsoft Visual Studio Solution File, Format Version 12.00
# Visual Studio Version 16
VisualStudioVersion = 16.0.31205.134
MinimumVisualStudioVersion = 10.0.40219.1
Project("{FAE04EC0-301F-11D3-BF4B-00C04F79EFBC}") = "DiscordWebhook", "DiscordWebhook\DiscordWebhook.csproj", "{DCA6EB30-34B9-48DF-B981-7B87C2ADA152}"
EndProject
Global
	GlobalSection(SolutionConfigurationPlatforms) = preSolution
		Debug|Any CPU = Debug|Any CPU
		Release|Any CPU = Release|Any CPU
	EndGlobalSection
	GlobalSection(ProjectConfigurationPlatforms) = postSolution
		{DCA6EB30-34B9-48DF-B981-7B87C2ADA152}.Debug|Any CPU.ActiveCfg = Debug|Any CPU
		{DCA6EB30-34B9-48DF-B981-7B87C2ADA152}.Debug|Any CPU.Build.0 = Debug|Any CPU
		{DCA6EB30-34B9-48DF-B981-7B87C2ADA152}.Release|Any CPU.ActiveCfg = Release|Any CPU
		{DCA6EB30-34B9-48DF-B981-7B87C2ADA152}.Release|Any CPU.Build.0 = Release|Any CPU
	EndGlobalSection
	GlobalSection(SolutionProperties) = preSolution
		HideSolutionNode = FALSE
	EndGlobalSection
	GlobalSection(ExtensibilityGlobals) = postSolution
		SolutionGuid = {B4839F1A-2616-47F2-85B9-90D97E6655B5}
	EndGlobalSection
EndGlobal
